// !$*UTF8*$!
{
	archiveVersion = 1;
	classes = {
	};
	objectVersion = 50;
	objects = {

/* Begin PBXBuildFile section */
		243B775D23E0CF7D00FF3B5C /* FolderController.swift in Sources */ = {isa = PBXBuildFile; fileRef = 243B775C23E0CF7D00FF3B5C /* FolderController.swift */; };
		243B775F23E181F800FF3B5C /* NoteController.swift in Sources */ = {isa = PBXBuildFile; fileRef = 243B775E23E181F800FF3B5C /* NoteController.swift */; };
		243B776123E2DF2500FF3B5C /* SelectFolderController.swift in Sources */ = {isa = PBXBuildFile; fileRef = 243B776023E2DF2500FF3B5C /* SelectFolderController.swift */; };
		24B49D7C23DA21580040D07C /* AppDelegate.swift in Sources */ = {isa = PBXBuildFile; fileRef = 24B49D7B23DA21580040D07C /* AppDelegate.swift */; };
		24B49D8123DA21580040D07C /* Main.storyboard in Resources */ = {isa = PBXBuildFile; fileRef = 24B49D7F23DA21580040D07C /* Main.storyboard */; };
		24B49D8423DA21580040D07C /* LocationNotes.xcdatamodeld in Sources */ = {isa = PBXBuildFile; fileRef = 24B49D8223DA21580040D07C /* LocationNotes.xcdatamodeld */; };
		24B49D8623DA215A0040D07C /* Assets.xcassets in Resources */ = {isa = PBXBuildFile; fileRef = 24B49D8523DA215A0040D07C /* Assets.xcassets */; };
		24B49D8923DA215A0040D07C /* LaunchScreen.storyboard in Resources */ = {isa = PBXBuildFile; fileRef = 24B49D8723DA215A0040D07C /* LaunchScreen.storyboard */; };
		24B49D9823DA36E20040D07C /* Folder+CoreDataClass.swift in Sources */ = {isa = PBXBuildFile; fileRef = 24B49D9023DA36E20040D07C /* Folder+CoreDataClass.swift */; };
		24B49D9923DA36E20040D07C /* Folder+CoreDataProperties.swift in Sources */ = {isa = PBXBuildFile; fileRef = 24B49D9123DA36E20040D07C /* Folder+CoreDataProperties.swift */; };
		24B49D9A23DA36E20040D07C /* ImageNote+CoreDataClass.swift in Sources */ = {isa = PBXBuildFile; fileRef = 24B49D9223DA36E20040D07C /* ImageNote+CoreDataClass.swift */; };
		24B49D9B23DA36E20040D07C /* ImageNote+CoreDataProperties.swift in Sources */ = {isa = PBXBuildFile; fileRef = 24B49D9323DA36E20040D07C /* ImageNote+CoreDataProperties.swift */; };
		24B49D9C23DA36E20040D07C /* Note+CoreDataClass.swift in Sources */ = {isa = PBXBuildFile; fileRef = 24B49D9423DA36E20040D07C /* Note+CoreDataClass.swift */; };
		24B49D9D23DA36E20040D07C /* Note+CoreDataProperties.swift in Sources */ = {isa = PBXBuildFile; fileRef = 24B49D9523DA36E20040D07C /* Note+CoreDataProperties.swift */; };
		24B49D9E23DA36E20040D07C /* Location+CoreDataClass.swift in Sources */ = {isa = PBXBuildFile; fileRef = 24B49D9623DA36E20040D07C /* Location+CoreDataClass.swift */; };
		24B49D9F23DA36E20040D07C /* Location+CoreDataProperties.swift in Sources */ = {isa = PBXBuildFile; fileRef = 24B49D9723DA36E20040D07C /* Location+CoreDataProperties.swift */; };
		24B49DA223DA3A850040D07C /* CoreDataManager.swift in Sources */ = {isa = PBXBuildFile; fileRef = 24B49DA123DA3A850040D07C /* CoreDataManager.swift */; };
		24C3574E23DB081E00EFE886 /* FoldersController.swift in Sources */ = {isa = PBXBuildFile; fileRef = 24C3574D23DB081E00EFE886 /* FoldersController.swift */; };
		24CA838723F3D7AD0093F25B /* LocationManager.swift in Sources */ = {isa = PBXBuildFile; fileRef = 24CA838623F3D7AD0093F25B /* LocationManager.swift */; };
		24CA838923F3F0730093F25B /* NoteMapController.swift in Sources */ = {isa = PBXBuildFile; fileRef = 24CA838823F3F0730093F25B /* NoteMapController.swift */; };
		24CA838B23F404020093F25B /* MapController.swift in Sources */ = {isa = PBXBuildFile; fileRef = 24CA838A23F404020093F25B /* MapController.swift */; };
/* End PBXBuildFile section */

/* Begin PBXFileReference section */
		243B775C23E0CF7D00FF3B5C /* FolderController.swift */ = {isa = PBXFileReference; lastKnownFileType = sourcecode.swift; path = FolderController.swift; sourceTree = "<group>"; };
		243B775E23E181F800FF3B5C /* NoteController.swift */ = {isa = PBXFileReference; lastKnownFileType = sourcecode.swift; path = NoteController.swift; sourceTree = "<group>"; };
		243B776023E2DF2500FF3B5C /* SelectFolderController.swift */ = {isa = PBXFileReference; lastKnownFileType = sourcecode.swift; path = SelectFolderController.swift; sourceTree = "<group>"; };
		24B49D7823DA21580040D07C /* LocationNotes.app */ = {isa = PBXFileReference; explicitFileType = wrapper.application; includeInIndex = 0; path = LocationNotes.app; sourceTree = BUILT_PRODUCTS_DIR; };
		24B49D7B23DA21580040D07C /* AppDelegate.swift */ = {isa = PBXFileReference; lastKnownFileType = sourcecode.swift; path = AppDelegate.swift; sourceTree = "<group>"; };
		24B49D8023DA21580040D07C /* Base */ = {isa = PBXFileReference; lastKnownFileType = file.storyboard; name = Base; path = Base.lproj/Main.storyboard; sourceTree = "<group>"; };
		24B49D8323DA21580040D07C /* LocationNotes.xcdatamodel */ = {isa = PBXFileReference; lastKnownFileType = wrapper.xcdatamodel; path = LocationNotes.xcdatamodel; sourceTree = "<group>"; };
		24B49D8523DA215A0040D07C /* Assets.xcassets */ = {isa = PBXFileReference; lastKnownFileType = folder.assetcatalog; path = Assets.xcassets; sourceTree = "<group>"; };
		24B49D8823DA215A0040D07C /* Base */ = {isa = PBXFileReference; lastKnownFileType = file.storyboard; name = Base; path = Base.lproj/LaunchScreen.storyboard; sourceTree = "<group>"; };
		24B49D8A23DA215A0040D07C /* Info.plist */ = {isa = PBXFileReference; lastKnownFileType = text.plist.xml; path = Info.plist; sourceTree = "<group>"; };
		24B49D9023DA36E20040D07C /* Folder+CoreDataClass.swift */ = {isa = PBXFileReference; lastKnownFileType = sourcecode.swift; path = "Folder+CoreDataClass.swift"; sourceTree = "<group>"; };
		24B49D9123DA36E20040D07C /* Folder+CoreDataProperties.swift */ = {isa = PBXFileReference; lastKnownFileType = sourcecode.swift; path = "Folder+CoreDataProperties.swift"; sourceTree = "<group>"; };
		24B49D9223DA36E20040D07C /* ImageNote+CoreDataClass.swift */ = {isa = PBXFileReference; lastKnownFileType = sourcecode.swift; path = "ImageNote+CoreDataClass.swift"; sourceTree = "<group>"; };
		24B49D9323DA36E20040D07C /* ImageNote+CoreDataProperties.swift */ = {isa = PBXFileReference; lastKnownFileType = sourcecode.swift; path = "ImageNote+CoreDataProperties.swift"; sourceTree = "<group>"; };
		24B49D9423DA36E20040D07C /* Note+CoreDataClass.swift */ = {isa = PBXFileReference; lastKnownFileType = sourcecode.swift; path = "Note+CoreDataClass.swift"; sourceTree = "<group>"; };
		24B49D9523DA36E20040D07C /* Note+CoreDataProperties.swift */ = {isa = PBXFileReference; lastKnownFileType = sourcecode.swift; path = "Note+CoreDataProperties.swift"; sourceTree = "<group>"; };
		24B49D9623DA36E20040D07C /* Location+CoreDataClass.swift */ = {isa = PBXFileReference; lastKnownFileType = sourcecode.swift; path = "Location+CoreDataClass.swift"; sourceTree = "<group>"; };
		24B49D9723DA36E20040D07C /* Location+CoreDataProperties.swift */ = {isa = PBXFileReference; lastKnownFileType = sourcecode.swift; path = "Location+CoreDataProperties.swift"; sourceTree = "<group>"; };
		24B49DA123DA3A850040D07C /* CoreDataManager.swift */ = {isa = PBXFileReference; lastKnownFileType = sourcecode.swift; path = CoreDataManager.swift; sourceTree = "<group>"; };
		24C3574D23DB081E00EFE886 /* FoldersController.swift */ = {isa = PBXFileReference; lastKnownFileType = sourcecode.swift; path = FoldersController.swift; sourceTree = "<group>"; };
		24CA838623F3D7AD0093F25B /* LocationManager.swift */ = {isa = PBXFileReference; lastKnownFileType = sourcecode.swift; path = LocationManager.swift; sourceTree = "<group>"; };
		24CA838823F3F0730093F25B /* NoteMapController.swift */ = {isa = PBXFileReference; lastKnownFileType = sourcecode.swift; path = NoteMapController.swift; sourceTree = "<group>"; };
		24CA838A23F404020093F25B /* MapController.swift */ = {isa = PBXFileReference; lastKnownFileType = sourcecode.swift; path = MapController.swift; sourceTree = "<group>"; };
/* End PBXFileReference section */

/* Begin PBXFrameworksBuildPhase section */
		24B49D7523DA21580040D07C /* Frameworks */ = {
			isa = PBXFrameworksBuildPhase;
			buildActionMask = 2147483647;
			files = (
			);
			runOnlyForDeploymentPostprocessing = 0;
		};
/* End PBXFrameworksBuildPhase section */

/* Begin PBXGroup section */
		24B49D6F23DA21580040D07C = {
			isa = PBXGroup;
			children = (
				24B49D7A23DA21580040D07C /* LocationNotes */,
				24B49D7923DA21580040D07C /* Products */,
			);
			sourceTree = "<group>";
		};
		24B49D7923DA21580040D07C /* Products */ = {
			isa = PBXGroup;
			children = (
				24B49D7823DA21580040D07C /* LocationNotes.app */,
			);
			name = Products;
			sourceTree = "<group>";
		};
		24B49D7A23DA21580040D07C /* LocationNotes */ = {
			isa = PBXGroup;
			children = (
				24B49DA023DA37060040D07C /* Model */,
				24B49D7B23DA21580040D07C /* AppDelegate.swift */,
				243B775C23E0CF7D00FF3B5C /* FolderController.swift */,
				24B49D7F23DA21580040D07C /* Main.storyboard */,
				24CA838823F3F0730093F25B /* NoteMapController.swift */,
				24CA838A23F404020093F25B /* MapController.swift */,
				243B776023E2DF2500FF3B5C /* SelectFolderController.swift */,
				243B775E23E181F800FF3B5C /* NoteController.swift */,
				24C3574D23DB081E00EFE886 /* FoldersController.swift */,
				24B49D8523DA215A0040D07C /* Assets.xcassets */,
				24B49D8723DA215A0040D07C /* LaunchScreen.storyboard */,
				24B49D8A23DA215A0040D07C /* Info.plist */,
			);
			path = LocationNotes;
			sourceTree = "<group>";
		};
		24B49DA023DA37060040D07C /* Model */ = {
			isa = PBXGroup;
			children = (
				24CA838623F3D7AD0093F25B /* LocationManager.swift */,
				24CA838523F3D74A0093F25B /* CoreData */,
			);
			name = Model;
			path = "New Group";
			sourceTree = "<group>";
		};
		24CA838523F3D74A0093F25B /* CoreData */ = {
			isa = PBXGroup;
			children = (
				24B49D8223DA21580040D07C /* LocationNotes.xcdatamodeld */,
				24B49D9023DA36E20040D07C /* Folder+CoreDataClass.swift */,
				24B49D9123DA36E20040D07C /* Folder+CoreDataProperties.swift */,
				24B49D9223DA36E20040D07C /* ImageNote+CoreDataClass.swift */,
				24B49D9323DA36E20040D07C /* ImageNote+CoreDataProperties.swift */,
				24B49D9423DA36E20040D07C /* Note+CoreDataClass.swift */,
				24B49D9523DA36E20040D07C /* Note+CoreDataProperties.swift */,
				24B49D9623DA36E20040D07C /* Location+CoreDataClass.swift */,
				24B49D9723DA36E20040D07C /* Location+CoreDataProperties.swift */,
				24B49DA123DA3A850040D07C /* CoreDataManager.swift */,
			);
			path = CoreData;
			sourceTree = "<group>";
		};
/* End PBXGroup section */

/* Begin PBXNativeTarget section */
		24B49D7723DA21580040D07C /* LocationNotes */ = {
			isa = PBXNativeTarget;
			buildConfigurationList = 24B49D8D23DA215A0040D07C /* Build configuration list for PBXNativeTarget "LocationNotes" */;
			buildPhases = (
				24B49D7423DA21580040D07C /* Sources */,
				24B49D7523DA21580040D07C /* Frameworks */,
				24B49D7623DA21580040D07C /* Resources */,
			);
			buildRules = (
			);
			dependencies = (
			);
			name = LocationNotes;
			productName = LocationNotes;
			productReference = 24B49D7823DA21580040D07C /* LocationNotes.app */;
			productType = "com.apple.product-type.application";
		};
/* End PBXNativeTarget section */

/* Begin PBXProject section */
		24B49D7023DA21580040D07C /* Project object */ = {
			isa = PBXProject;
			attributes = {
				LastSwiftUpdateCheck = 1010;
				LastUpgradeCheck = 1010;
				ORGANIZATIONNAME = viktorsafonov;
				TargetAttributes = {
					24B49D7723DA21580040D07C = {
						CreatedOnToolsVersion = 10.1;
					};
				};
			};
			buildConfigurationList = 24B49D7323DA21580040D07C /* Build configuration list for PBXProject "LocationNotes" */;
			compatibilityVersion = "Xcode 9.3";
			developmentRegion = en;
			hasScannedForEncodings = 0;
			knownRegions = (
				en,
				Base,
			);
			mainGroup = 24B49D6F23DA21580040D07C;
			productRefGroup = 24B49D7923DA21580040D07C /* Products */;
			projectDirPath = "";
			projectRoot = "";
			targets = (
				24B49D7723DA21580040D07C /* LocationNotes */,
			);
		};
/* End PBXProject section */

/* Begin PBXResourcesBuildPhase section */
		24B49D7623DA21580040D07C /* Resources */ = {
			isa = PBXResourcesBuildPhase;
			buildActionMask = 2147483647;
			files = (
				24B49D8923DA215A0040D07C /* LaunchScreen.storyboard in Resources */,
				24B49D8623DA215A0040D07C /* Assets.xcassets in Resources */,
				24B49D8123DA21580040D07C /* Main.storyboard in Resources */,
			);
			runOnlyForDeploymentPostprocessing = 0;
		};
/* End PBXResourcesBuildPhase section */

/* Begin PBXSourcesBuildPhase section */
		24B49D7423DA21580040D07C /* Sources */ = {
			isa = PBXSourcesBuildPhase;
			buildActionMask = 2147483647;
			files = (
				24B49D9823DA36E20040D07C /* Folder+CoreDataClass.swift in Sources */,
				24CA838923F3F0730093F25B /* NoteMapController.swift in Sources */,
				24B49D9F23DA36E20040D07C /* Location+CoreDataProperties.swift in Sources */,
				24C3574E23DB081E00EFE886 /* FoldersController.swift in Sources */,
				243B775D23E0CF7D00FF3B5C /* FolderController.swift in Sources */,
				24CA838723F3D7AD0093F25B /* LocationManager.swift in Sources */,
				24B49D7C23DA21580040D07C /* AppDelegate.swift in Sources */,
				24B49D9A23DA36E20040D07C /* ImageNote+CoreDataClass.swift in Sources */,
				24B49D9923DA36E20040D07C /* Folder+CoreDataProperties.swift in Sources */,
				24B49DA223DA3A850040D07C /* CoreDataManager.swift in Sources */,
				24B49D9C23DA36E20040D07C /* Note+CoreDataClass.swift in Sources */,
				24B49D8423DA21580040D07C /* LocationNotes.xcdatamodeld in Sources */,
				24B49D9B23DA36E20040D07C /* ImageNote+CoreDataProperties.swift in Sources */,
				243B776123E2DF2500FF3B5C /* SelectFolderController.swift in Sources */,
				243B775F23E181F800FF3B5C /* NoteController.swift in Sources */,
				24B49D9E23DA36E20040D07C /* Location+CoreDataClass.swift in Sources */,
				24CA838B23F404020093F25B /* MapController.swift in Sources */,
				24B49D9D23DA36E20040D07C /* Note+CoreDataProperties.swift in Sources */,
			);
			runOnlyForDeploymentPostprocessing = 0;
		};
/* End PBXSourcesBuildPhase section */

/* Begin PBXVariantGroup section */
		24B49D7F23DA21580040D07C /* Main.storyboard */ = {
			isa = PBXVariantGroup;
			children = (
				24B49D8023DA21580040D07C /* Base */,
			);
			name = Main.storyboard;
			sourceTree = "<group>";
		};
		24B49D8723DA215A0040D07C /* LaunchScreen.storyboard */ = {
			isa = PBXVariantGroup;
			children = (
				24B49D8823DA215A0040D07C /* Base */,
			);
			name = LaunchScreen.storyboard;
			sourceTree = "<group>";
		};
/* End PBXVariantGroup section */

/* Begin XCBuildConfiguration section */
		24B49D8B23DA215A0040D07C /* Debug */ = {
			isa = XCBuildConfiguration;
			buildSettings = {
				ALWAYS_SEARCH_USER_PATHS = NO;
				CLANG_ANALYZER_NONNULL = YES;
				CLANG_ANALYZER_NUMBER_OBJECT_CONVERSION = YES_AGGRESSIVE;
				CLANG_CXX_LANGUAGE_STANDARD = "gnu++14";
				CLANG_CXX_LIBRARY = "libc++";
				CLANG_ENABLE_MODULES = YES;
				CLANG_ENABLE_OBJC_ARC = YES;
				CLANG_ENABLE_OBJC_WEAK = YES;
				CLANG_WARN_BLOCK_CAPTURE_AUTORELEASING = YES;
				CLANG_WARN_BOOL_CONVERSION = YES;
				CLANG_WARN_COMMA = YES;
				CLANG_WARN_CONSTANT_CONVERSION = YES;
				CLANG_WARN_DEPRECATED_OBJC_IMPLEMENTATIONS = YES;
				CLANG_WARN_DIRECT_OBJC_ISA_USAGE = YES_ERROR;
				CLANG_WARN_DOCUMENTATION_COMMENTS = YES;
				CLANG_WARN_EMPTY_BODY = YES;
				CLANG_WARN_ENUM_CONVERSION = YES;
				CLANG_WARN_INFINITE_RECURSION = YES;
				CLANG_WARN_INT_CONVERSION = YES;
				CLANG_WARN_NON_LITERAL_NULL_CONVERSION = YES;
				CLANG_WARN_OBJC_IMPLICIT_RETAIN_SELF = YES;
				CLANG_WARN_OBJC_LITERAL_CONVERSION = YES;
				CLANG_WARN_OBJC_ROOT_CLASS = YES_ERROR;
				CLANG_WARN_RANGE_LOOP_ANALYSIS = YES;
				CLANG_WARN_STRICT_PROTOTYPES = YES;
				CLANG_WARN_SUSPICIOUS_MOVE = YES;
				CLANG_WARN_UNGUARDED_AVAILABILITY = YES_AGGRESSIVE;
				CLANG_WARN_UNREACHABLE_CODE = YES;
				CLANG_WARN__DUPLICATE_METHOD_MATCH = YES;
				CODE_SIGN_IDENTITY = "iPhone Developer";
				COPY_PHASE_STRIP = NO;
				DEBUG_INFORMATION_FORMAT = dwarf;
				ENABLE_STRICT_OBJC_MSGSEND = YES;
				ENABLE_TESTABILITY = YES;
				GCC_C_LANGUAGE_STANDARD = gnu11;
				GCC_DYNAMIC_NO_PIC = NO;
				GCC_NO_COMMON_BLOCKS = YES;
				GCC_OPTIMIZATION_LEVEL = 0;
				GCC_PREPROCESSOR_DEFINITIONS = (
					"DEBUG=1",
					"$(inherited)",
				);
				GCC_WARN_64_TO_32_BIT_CONVERSION = YES;
				GCC_WARN_ABOUT_RETURN_TYPE = YES_ERROR;
				GCC_WARN_UNDECLARED_SELECTOR = YES;
				GCC_WARN_UNINITIALIZED_AUTOS = YES_AGGRESSIVE;
				GCC_WARN_UNUSED_FUNCTION = YES;
				GCC_WARN_UNUSED_VARIABLE = YES;
				IPHONEOS_DEPLOYMENT_TARGET = 12.1;
				MTL_ENABLE_DEBUG_INFO = INCLUDE_SOURCE;
				MTL_FAST_MATH = YES;
				ONLY_ACTIVE_ARCH = YES;
				SDKROOT = iphoneos;
				SWIFT_ACTIVE_COMPILATION_CONDITIONS = DEBUG;
				SWIFT_OPTIMIZATION_LEVEL = "-Onone";
			};
			name = Debug;
		};
		24B49D8C23DA215A0040D07C /* Release */ = {
			isa = XCBuildConfiguration;
			buildSettings = {
				ALWAYS_SEARCH_USER_PATHS = NO;
				CLANG_ANALYZER_NONNULL = YES;
				CLANG_ANALYZER_NUMBER_OBJECT_CONVERSION = YES_AGGRESSIVE;
				CLANG_CXX_LANGUAGE_STANDARD = "gnu++14";
				CLANG_CXX_LIBRARY = "libc++";
				CLANG_ENABLE_MODULES = YES;
				CLANG_ENABLE_OBJC_ARC = YES;
				CLANG_ENABLE_OBJC_WEAK = YES;
				CLANG_WARN_BLOCK_CAPTURE_AUTORELEASING = YES;
				CLANG_WARN_BOOL_CONVERSION = YES;
				CLANG_WARN_COMMA = YES;
				CLANG_WARN_CONSTANT_CONVERSION = YES;
				CLANG_WARN_DEPRECATED_OBJC_IMPLEMENTATIONS = YES;
				CLANG_WARN_DIRECT_OBJC_ISA_USAGE = YES_ERROR;
				CLANG_WARN_DOCUMENTATION_COMMENTS = YES;
				CLANG_WARN_EMPTY_BODY = YES;
				CLANG_WARN_ENUM_CONVERSION = YES;
				CLANG_WARN_INFINITE_RECURSION = YES;
				CLANG_WARN_INT_CONVERSION = YES;
				CLANG_WARN_NON_LITERAL_NULL_CONVERSION = YES;
				CLANG_WARN_OBJC_IMPLICIT_RETAIN_SELF = YES;
				CLANG_WARN_OBJC_LITERAL_CONVERSION = YES;
				CLANG_WARN_OBJC_ROOT_CLASS = YES_ERROR;
				CLANG_WARN_RANGE_LOOP_ANALYSIS = YES;
				CLANG_WARN_STRICT_PROTOTYPES = YES;
				CLANG_WARN_SUSPICIOUS_MOVE = YES;
				CLANG_WARN_UNGUARDED_AVAILABILITY = YES_AGGRESSIVE;
				CLANG_WARN_UNREACHABLE_CODE = YES;
				CLANG_WARN__DUPLICATE_METHOD_MATCH = YES;
				CODE_SIGN_IDENTITY = "iPhone Developer";
				COPY_PHASE_STRIP = NO;
				DEBUG_INFORMATION_FORMAT = "dwarf-with-dsym";
				ENABLE_NS_ASSERTIONS = NO;
				ENABLE_STRICT_OBJC_MSGSEND = YES;
				GCC_C_LANGUAGE_STANDARD = gnu11;
				GCC_NO_COMMON_BLOCKS = YES;
				GCC_WARN_64_TO_32_BIT_CONVERSION = YES;
				GCC_WARN_ABOUT_RETURN_TYPE = YES_ERROR;
				GCC_WARN_UNDECLARED_SELECTOR = YES;
				GCC_WARN_UNINITIALIZED_AUTOS = YES_AGGRESSIVE;
				GCC_WARN_UNUSED_FUNCTION = YES;
				GCC_WARN_UNUSED_VARIABLE = YES;
				IPHONEOS_DEPLOYMENT_TARGET = 12.1;
				MTL_ENABLE_DEBUG_INFO = NO;
				MTL_FAST_MATH = YES;
				SDKROOT = iphoneos;
				SWIFT_COMPILATION_MODE = wholemodule;
				SWIFT_OPTIMIZATION_LEVEL = "-O";
				VALIDATE_PRODUCT = YES;
			};
			name = Release;
		};
		24B49D8E23DA215A0040D07C /* Debug */ = {
			isa = XCBuildConfiguration;
			buildSettings = {
				ASSETCATALOG_COMPILER_APPICON_NAME = AppIcon;
				CODE_SIGN_STYLE = Automatic;
				INFOPLIST_FILE = LocationNotes/Info.plist;
				LD_RUNPATH_SEARCH_PATHS = (
					"$(inherited)",
					"@executable_path/Frameworks",
				);
				PRODUCT_BUNDLE_IDENTIFIER = com.safonov.LocationNotes;
				PRODUCT_NAME = "$(TARGET_NAME)";
				SWIFT_VERSION = 4.2;
				TARGETED_DEVICE_FAMILY = "1,2";
			};
			name = Debug;
		};
		24B49D8F23DA215A0040D07C /* Release */ = {
			isa = XCBuildConfiguration;
			buildSettings = {
				ASSETCATALOG_COMPILER_APPICON_NAME = AppIcon;
				CODE_SIGN_STYLE = Automatic;
				INFOPLIST_FILE = LocationNotes/Info.plist;
				LD_RUNPATH_SEARCH_PATHS = (
					"$(inherited)",
					"@executable_path/Frameworks",
				);
				PRODUCT_BUNDLE_IDENTIFIER = com.safonov.LocationNotes;
				PRODUCT_NAME = "$(TARGET_NAME)";
				SWIFT_VERSION = 4.2;
				TARGETED_DEVICE_FAMILY = "1,2";
			};
			name = Release;
		};
/* End XCBuildConfiguration section */

/* Begin XCConfigurationList section */
		24B49D7323DA21580040D07C /* Build configuration list for PBXProject "LocationNotes" */ = {
			isa = XCConfigurationList;
			buildConfigurations = (
				24B49D8B23DA215A0040D07C /* Debug */,
				24B49D8C23DA215A0040D07C /* Release */,
			);
			defaultConfigurationIsVisible = 0;
			defaultConfigurationName = Release;
		};
		24B49D8D23DA215A0040D07C /* Build configuration list for PBXNativeTarget "LocationNotes" */ = {
			isa = XCConfigurationList;
			buildConfigurations = (
				24B49D8E23DA215A0040D07C /* Debug */,
				24B49D8F23DA215A0040D07C /* Release */,
			);
			defaultConfigurationIsVisible = 0;
			defaultConfigurationName = Release;
		};
/* End XCConfigurationList section */

/* Begin XCVersionGroup section */
		24B49D8223DA21580040D07C /* LocationNotes.xcdatamodeld */ = {
			isa = XCVersionGroup;
			children = (
				24B49D8323DA21580040D07C /* LocationNotes.xcdatamodel */,
			);
			currentVersion = 24B49D8323DA21580040D07C /* LocationNotes.xcdatamodel */;
			path = LocationNotes.xcdatamodeld;
			sourceTree = "<group>";
			versionGroupType = wrapper.xcdatamodel;
		};
/* End XCVersionGroup section */
	};
	rootObject = 24B49D7023DA21580040D07C /* Project object */;
}
